// !$*UTF8*$!
{
	archiveVersion = 1;
	classes = {
	};
	objectVersion = 46;
	objects = {

/* Begin PBXBuildFile section */
		607FACDD1AFB9204008FA782 /* Images.xcassets in Resources */ = {isa = PBXBuildFile; fileRef = 607FACDC1AFB9204008FA782 /* Images.xcassets */; };
		607FACE01AFB9204008FA782 /* LaunchScreen.xib in Resources */ = {isa = PBXBuildFile; fileRef = 607FACDE1AFB9204008FA782 /* LaunchScreen.xib */; };
		607FACEC1AFB9204008FA782 /* Tests.swift in Sources */ = {isa = PBXBuildFile; fileRef = 607FACEB1AFB9204008FA782 /* Tests.swift */; };
		AADCD76209AA5B984F1E46D5 /* Pods_VideoLibrary_Example.framework in Frameworks */ = {isa = PBXBuildFile; fileRef = 092091835E362D88EAFF4742 /* Pods_VideoLibrary_Example.framework */; };
		FA61AC3F2136962100DE7312 /* HomeItem.swift in Sources */ = {isa = PBXBuildFile; fileRef = FA61AC272136962000DE7312 /* HomeItem.swift */; };
		FA61AC402136962100DE7312 /* Cache.swift in Sources */ = {isa = PBXBuildFile; fileRef = FA61AC292136962000DE7312 /* Cache.swift */; };
		FA61AC412136962100DE7312 /* Images.swift in Sources */ = {isa = PBXBuildFile; fileRef = FA61AC2A2136962000DE7312 /* Images.swift */; };
		FA61AC422136962100DE7312 /* String.swift in Sources */ = {isa = PBXBuildFile; fileRef = FA61AC2C2136962000DE7312 /* String.swift */; };
		FA61AC432136962100DE7312 /* API.swift in Sources */ = {isa = PBXBuildFile; fileRef = FA61AC2D2136962000DE7312 /* API.swift */; };
		FA61AC452136962100DE7312 /* HomeItemCell.swift in Sources */ = {isa = PBXBuildFile; fileRef = FA61AC302136962000DE7312 /* HomeItemCell.swift */; };
		FA61AC462136962100DE7312 /* DetailsView.swift in Sources */ = {isa = PBXBuildFile; fileRef = FA61AC312136962000DE7312 /* DetailsView.swift */; };
		FA61AC472136962100DE7312 /* HomeView.swift in Sources */ = {isa = PBXBuildFile; fileRef = FA61AC322136962000DE7312 /* HomeView.swift */; };
		FA61AC482136962100DE7312 /* DetailsItemCell.swift in Sources */ = {isa = PBXBuildFile; fileRef = FA61AC332136962000DE7312 /* DetailsItemCell.swift */; };
		FA61AC492136962100DE7312 /* UIImageView.swift in Sources */ = {isa = PBXBuildFile; fileRef = FA61AC342136962000DE7312 /* UIImageView.swift */; };
		FA61AC4A2136962100DE7312 /* UICollectionViewCell.swift in Sources */ = {isa = PBXBuildFile; fileRef = FA61AC352136962000DE7312 /* UICollectionViewCell.swift */; };
		FA61AC4B2136962100DE7312 /* ViewController.swift in Sources */ = {isa = PBXBuildFile; fileRef = FA61AC372136962000DE7312 /* ViewController.swift */; };
		FA61AC4C2136962100DE7312 /* HomeViewController.swift in Sources */ = {isa = PBXBuildFile; fileRef = FA61AC382136962000DE7312 /* HomeViewController.swift */; };
		FA61AC4D2136962100DE7312 /* DetailsViewController.swift in Sources */ = {isa = PBXBuildFile; fileRef = FA61AC392136962000DE7312 /* DetailsViewController.swift */; };
		FA61AC4E2136962100DE7312 /* NavigationController.swift in Sources */ = {isa = PBXBuildFile; fileRef = FA61AC3A2136962000DE7312 /* NavigationController.swift */; };
		FA61AC502136962100DE7312 /* AppDelegate.swift in Sources */ = {isa = PBXBuildFile; fileRef = FA61AC3E2136962100DE7312 /* AppDelegate.swift */; };
		FB44FA6369470D584076E785 /* Pods_VideoLibrary_Tests.framework in Frameworks */ = {isa = PBXBuildFile; fileRef = C38C074058ECE9698F6BA761 /* Pods_VideoLibrary_Tests.framework */; };
/* End PBXBuildFile section */

/* Begin PBXContainerItemProxy section */
		607FACE61AFB9204008FA782 /* PBXContainerItemProxy */ = {
			isa = PBXContainerItemProxy;
			containerPortal = 607FACC81AFB9204008FA782 /* Project object */;
			proxyType = 1;
			remoteGlobalIDString = 607FACCF1AFB9204008FA782;
			remoteInfo = VideoLibrary;
		};
/* End PBXContainerItemProxy section */

/* Begin PBXFileReference section */
		092091835E362D88EAFF4742 /* Pods_VideoLibrary_Example.framework */ = {isa = PBXFileReference; explicitFileType = wrapper.framework; includeInIndex = 0; path = Pods_VideoLibrary_Example.framework; sourceTree = BUILT_PRODUCTS_DIR; };
		11088092920C217188560BB7 /* Pods-VideoLibrary_Tests.debug.xcconfig */ = {isa = PBXFileReference; includeInIndex = 1; lastKnownFileType = text.xcconfig; name = "Pods-VideoLibrary_Tests.debug.xcconfig"; path = "Pods/Target Support Files/Pods-VideoLibrary_Tests/Pods-VideoLibrary_Tests.debug.xcconfig"; sourceTree = "<group>"; };
		171B0E6DB3D64C928A73CCA1 /* Pods-VideoLibrary_Example.release.xcconfig */ = {isa = PBXFileReference; includeInIndex = 1; lastKnownFileType = text.xcconfig; name = "Pods-VideoLibrary_Example.release.xcconfig"; path = "Pods/Target Support Files/Pods-VideoLibrary_Example/Pods-VideoLibrary_Example.release.xcconfig"; sourceTree = "<group>"; };
		2E0470FBDEA2D89866C5AA94 /* LICENSE */ = {isa = PBXFileReference; includeInIndex = 1; lastKnownFileType = text; name = LICENSE; path = ../LICENSE; sourceTree = "<group>"; };
		607FACD01AFB9204008FA782 /* VideoLibrary_Example.app */ = {isa = PBXFileReference; explicitFileType = wrapper.application; includeInIndex = 0; path = VideoLibrary_Example.app; sourceTree = BUILT_PRODUCTS_DIR; };
		607FACDC1AFB9204008FA782 /* Images.xcassets */ = {isa = PBXFileReference; lastKnownFileType = folder.assetcatalog; path = Images.xcassets; sourceTree = "<group>"; };
		607FACDF1AFB9204008FA782 /* Base */ = {isa = PBXFileReference; lastKnownFileType = file.xib; name = Base; path = Base.lproj/LaunchScreen.xib; sourceTree = "<group>"; };
		607FACE51AFB9204008FA782 /* VideoLibrary_Tests.xctest */ = {isa = PBXFileReference; explicitFileType = wrapper.cfbundle; includeInIndex = 0; path = VideoLibrary_Tests.xctest; sourceTree = BUILT_PRODUCTS_DIR; };
		607FACEA1AFB9204008FA782 /* Info.plist */ = {isa = PBXFileReference; lastKnownFileType = text.plist.xml; path = Info.plist; sourceTree = "<group>"; };
		607FACEB1AFB9204008FA782 /* Tests.swift */ = {isa = PBXFileReference; lastKnownFileType = sourcecode.swift; path = Tests.swift; sourceTree = "<group>"; };
		6464E89F648D5C13CF7A8DCD /* README.md */ = {isa = PBXFileReference; includeInIndex = 1; lastKnownFileType = net.daringfireball.markdown; name = README.md; path = ../README.md; sourceTree = "<group>"; };
		9113AFB46E62F101D8EBBA30 /* Pods-VideoLibrary_Tests.release.xcconfig */ = {isa = PBXFileReference; includeInIndex = 1; lastKnownFileType = text.xcconfig; name = "Pods-VideoLibrary_Tests.release.xcconfig"; path = "Pods/Target Support Files/Pods-VideoLibrary_Tests/Pods-VideoLibrary_Tests.release.xcconfig"; sourceTree = "<group>"; };
		9F25E3FAD11DB7EC6D2F3941 /* Pods-VideoLibrary_Example.debug.xcconfig */ = {isa = PBXFileReference; includeInIndex = 1; lastKnownFileType = text.xcconfig; name = "Pods-VideoLibrary_Example.debug.xcconfig"; path = "Pods/Target Support Files/Pods-VideoLibrary_Example/Pods-VideoLibrary_Example.debug.xcconfig"; sourceTree = "<group>"; };
		C38C074058ECE9698F6BA761 /* Pods_VideoLibrary_Tests.framework */ = {isa = PBXFileReference; explicitFileType = wrapper.framework; includeInIndex = 0; path = Pods_VideoLibrary_Tests.framework; sourceTree = BUILT_PRODUCTS_DIR; };
		D857578ECF484D9289E2FE4A /* VideoLibrary.podspec */ = {isa = PBXFileReference; includeInIndex = 1; lastKnownFileType = text; name = VideoLibrary.podspec; path = ../VideoLibrary.podspec; sourceTree = "<group>"; };
		FA61AC272136962000DE7312 /* HomeItem.swift */ = {isa = PBXFileReference; fileEncoding = 4; lastKnownFileType = sourcecode.swift; path = HomeItem.swift; sourceTree = "<group>"; };
		FA61AC292136962000DE7312 /* Cache.swift */ = {isa = PBXFileReference; fileEncoding = 4; lastKnownFileType = sourcecode.swift; path = Cache.swift; sourceTree = "<group>"; };
		FA61AC2A2136962000DE7312 /* Images.swift */ = {isa = PBXFileReference; fileEncoding = 4; lastKnownFileType = sourcecode.swift; path = Images.swift; sourceTree = "<group>"; };
		FA61AC2C2136962000DE7312 /* String.swift */ = {isa = PBXFileReference; fileEncoding = 4; lastKnownFileType = sourcecode.swift; path = String.swift; sourceTree = "<group>"; };
		FA61AC2D2136962000DE7312 /* API.swift */ = {isa = PBXFileReference; fileEncoding = 4; lastKnownFileType = sourcecode.swift; path = API.swift; sourceTree = "<group>"; };
		FA61AC302136962000DE7312 /* HomeItemCell.swift */ = {isa = PBXFileReference; fileEncoding = 4; lastKnownFileType = sourcecode.swift; path = HomeItemCell.swift; sourceTree = "<group>"; };
		FA61AC312136962000DE7312 /* DetailsView.swift */ = {isa = PBXFileReference; fileEncoding = 4; lastKnownFileType = sourcecode.swift; path = DetailsView.swift; sourceTree = "<group>"; };
		FA61AC322136962000DE7312 /* HomeView.swift */ = {isa = PBXFileReference; fileEncoding = 4; lastKnownFileType = sourcecode.swift; path = HomeView.swift; sourceTree = "<group>"; };
		FA61AC332136962000DE7312 /* DetailsItemCell.swift */ = {isa = PBXFileReference; fileEncoding = 4; lastKnownFileType = sourcecode.swift; path = DetailsItemCell.swift; sourceTree = "<group>"; };
		FA61AC342136962000DE7312 /* UIImageView.swift */ = {isa = PBXFileReference; fileEncoding = 4; lastKnownFileType = sourcecode.swift; path = UIImageView.swift; sourceTree = "<group>"; };
		FA61AC352136962000DE7312 /* UICollectionViewCell.swift */ = {isa = PBXFileReference; fileEncoding = 4; lastKnownFileType = sourcecode.swift; path = UICollectionViewCell.swift; sourceTree = "<group>"; };
		FA61AC372136962000DE7312 /* ViewController.swift */ = {isa = PBXFileReference; fileEncoding = 4; lastKnownFileType = sourcecode.swift; path = ViewController.swift; sourceTree = "<group>"; };
		FA61AC382136962000DE7312 /* HomeViewController.swift */ = {isa = PBXFileReference; fileEncoding = 4; lastKnownFileType = sourcecode.swift; path = HomeViewController.swift; sourceTree = "<group>"; };
		FA61AC392136962000DE7312 /* DetailsViewController.swift */ = {isa = PBXFileReference; fileEncoding = 4; lastKnownFileType = sourcecode.swift; path = DetailsViewController.swift; sourceTree = "<group>"; };
		FA61AC3A2136962000DE7312 /* NavigationController.swift */ = {isa = PBXFileReference; fileEncoding = 4; lastKnownFileType = sourcecode.swift; path = NavigationController.swift; sourceTree = "<group>"; };
		FA61AC3E2136962100DE7312 /* AppDelegate.swift */ = {isa = PBXFileReference; fileEncoding = 4; lastKnownFileType = sourcecode.swift; name = AppDelegate.swift; path = "../../../ios-videoview/Video App/AppDelegate.swift"; sourceTree = "<group>"; };
		FA61AC52213696AA00DE7312 /* Info.plist */ = {isa = PBXFileReference; fileEncoding = 4; lastKnownFileType = text.plist.xml; path = Info.plist; sourceTree = "<group>"; };
/* End PBXFileReference section */

/* Begin PBXFrameworksBuildPhase section */
		607FACCD1AFB9204008FA782 /* Frameworks */ = {
			isa = PBXFrameworksBuildPhase;
			buildActionMask = 2147483647;
			files = (
				AADCD76209AA5B984F1E46D5 /* Pods_VideoLibrary_Example.framework in Frameworks */,
			);
			runOnlyForDeploymentPostprocessing = 0;
		};
		607FACE21AFB9204008FA782 /* Frameworks */ = {
			isa = PBXFrameworksBuildPhase;
			buildActionMask = 2147483647;
			files = (
				FB44FA6369470D584076E785 /* Pods_VideoLibrary_Tests.framework in Frameworks */,
			);
			runOnlyForDeploymentPostprocessing = 0;
		};
/* End PBXFrameworksBuildPhase section */

/* Begin PBXGroup section */
		607FACC71AFB9204008FA782 = {
			isa = PBXGroup;
			children = (
				607FACF51AFB993E008FA782 /* Podspec Metadata */,
				607FACD21AFB9204008FA782 /* Example for VideoLibrary */,
				607FACE81AFB9204008FA782 /* Tests */,
				607FACD11AFB9204008FA782 /* Products */,
				964C0F6482A850EDADAD1306 /* Pods */,
				6D135730319706D2D088F0CF /* Frameworks */,
			);
			sourceTree = "<group>";
		};
		607FACD11AFB9204008FA782 /* Products */ = {
			isa = PBXGroup;
			children = (
				607FACD01AFB9204008FA782 /* VideoLibrary_Example.app */,
				607FACE51AFB9204008FA782 /* VideoLibrary_Tests.xctest */,
			);
			name = Products;
			sourceTree = "<group>";
		};
		607FACD21AFB9204008FA782 /* Example for VideoLibrary */ = {
			isa = PBXGroup;
			children = (
				FA61AC362136962000DE7312 /* Controller */,
				FA61AC262136962000DE7312 /* Model */,
				FA61AC2F2136962000DE7312 /* View */,
				FA61AC3E2136962100DE7312 /* AppDelegate.swift */,
				607FACDC1AFB9204008FA782 /* Images.xcassets */,
				607FACDE1AFB9204008FA782 /* LaunchScreen.xib */,
				607FACD31AFB9204008FA782 /* Supporting Files */,
			);
			name = "Example for VideoLibrary";
			path = VideoLibrary;
			sourceTree = "<group>";
		};
		607FACD31AFB9204008FA782 /* Supporting Files */ = {
			isa = PBXGroup;
			children = (
				FA61AC52213696AA00DE7312 /* Info.plist */,
			);
			name = "Supporting Files";
			sourceTree = "<group>";
		};
		607FACE81AFB9204008FA782 /* Tests */ = {
			isa = PBXGroup;
			children = (
				607FACEB1AFB9204008FA782 /* Tests.swift */,
				607FACE91AFB9204008FA782 /* Supporting Files */,
			);
			path = Tests;
			sourceTree = "<group>";
		};
		607FACE91AFB9204008FA782 /* Supporting Files */ = {
			isa = PBXGroup;
			children = (
				607FACEA1AFB9204008FA782 /* Info.plist */,
			);
			name = "Supporting Files";
			sourceTree = "<group>";
		};
		607FACF51AFB993E008FA782 /* Podspec Metadata */ = {
			isa = PBXGroup;
			children = (
				D857578ECF484D9289E2FE4A /* VideoLibrary.podspec */,
				6464E89F648D5C13CF7A8DCD /* README.md */,
				2E0470FBDEA2D89866C5AA94 /* LICENSE */,
			);
			name = "Podspec Metadata";
			sourceTree = "<group>";
		};
		6D135730319706D2D088F0CF /* Frameworks */ = {
			isa = PBXGroup;
			children = (
				092091835E362D88EAFF4742 /* Pods_VideoLibrary_Example.framework */,
				C38C074058ECE9698F6BA761 /* Pods_VideoLibrary_Tests.framework */,
			);
			name = Frameworks;
			sourceTree = "<group>";
		};
		964C0F6482A850EDADAD1306 /* Pods */ = {
			isa = PBXGroup;
			children = (
				9F25E3FAD11DB7EC6D2F3941 /* Pods-VideoLibrary_Example.debug.xcconfig */,
				171B0E6DB3D64C928A73CCA1 /* Pods-VideoLibrary_Example.release.xcconfig */,
				11088092920C217188560BB7 /* Pods-VideoLibrary_Tests.debug.xcconfig */,
				9113AFB46E62F101D8EBBA30 /* Pods-VideoLibrary_Tests.release.xcconfig */,
			);
			name = Pods;
			sourceTree = "<group>";
		};
		FA61AC262136962000DE7312 /* Model */ = {
			isa = PBXGroup;
			children = (
				FA61AC272136962000DE7312 /* HomeItem.swift */,
				FA61AC282136962000DE7312 /* Cache */,
				FA61AC2B2136962000DE7312 /* Extensions */,
				FA61AC2D2136962000DE7312 /* API.swift */,
			);
			path = Model;
			sourceTree = "<group>";
		};
		FA61AC282136962000DE7312 /* Cache */ = {
			isa = PBXGroup;
			children = (
				FA61AC292136962000DE7312 /* Cache.swift */,
				FA61AC2A2136962000DE7312 /* Images.swift */,
			);
			path = Cache;
			sourceTree = "<group>";
		};
		FA61AC2B2136962000DE7312 /* Extensions */ = {
			isa = PBXGroup;
			children = (
				FA61AC2C2136962000DE7312 /* String.swift */,
			);
			path = Extensions;
			sourceTree = "<group>";
		};
		FA61AC2F2136962000DE7312 /* View */ = {
			isa = PBXGroup;
			children = (
				FA61AC302136962000DE7312 /* HomeItemCell.swift */,
				FA61AC312136962000DE7312 /* DetailsView.swift */,
				FA61AC322136962000DE7312 /* HomeView.swift */,
				FA61AC332136962000DE7312 /* DetailsItemCell.swift */,
				FA61AC342136962000DE7312 /* UIImageView.swift */,
				FA61AC352136962000DE7312 /* UICollectionViewCell.swift */,
			);
			path = View;
			sourceTree = "<group>";
		};
		FA61AC362136962000DE7312 /* Controller */ = {
			isa = PBXGroup;
			children = (
				FA61AC372136962000DE7312 /* ViewController.swift */,
				FA61AC382136962000DE7312 /* HomeViewController.swift */,
				FA61AC392136962000DE7312 /* DetailsViewController.swift */,
				FA61AC3A2136962000DE7312 /* NavigationController.swift */,
			);
			path = Controller;
			sourceTree = "<group>";
		};
/* End PBXGroup section */

/* Begin PBXNativeTarget section */
		607FACCF1AFB9204008FA782 /* VideoLibrary_Example */ = {
			isa = PBXNativeTarget;
			buildConfigurationList = 607FACEF1AFB9204008FA782 /* Build configuration list for PBXNativeTarget "VideoLibrary_Example" */;
			buildPhases = (
				9E055880F682884714B625C2 /* [CP] Check Pods Manifest.lock */,
				607FACCC1AFB9204008FA782 /* Sources */,
				607FACCD1AFB9204008FA782 /* Frameworks */,
				607FACCE1AFB9204008FA782 /* Resources */,
				0C1BA9C75B55EDBA16531D8D /* [CP] Embed Pods Frameworks */,
			);
			buildRules = (
			);
			dependencies = (
			);
			name = VideoLibrary_Example;
			productName = VideoLibrary;
			productReference = 607FACD01AFB9204008FA782 /* VideoLibrary_Example.app */;
			productType = "com.apple.product-type.application";
		};
		607FACE41AFB9204008FA782 /* VideoLibrary_Tests */ = {
			isa = PBXNativeTarget;
			buildConfigurationList = 607FACF21AFB9204008FA782 /* Build configuration list for PBXNativeTarget "VideoLibrary_Tests" */;
			buildPhases = (
				2F1C4ED7EB5648BC79943817 /* [CP] Check Pods Manifest.lock */,
				607FACE11AFB9204008FA782 /* Sources */,
				607FACE21AFB9204008FA782 /* Frameworks */,
				607FACE31AFB9204008FA782 /* Resources */,
			);
			buildRules = (
			);
			dependencies = (
				607FACE71AFB9204008FA782 /* PBXTargetDependency */,
			);
			name = VideoLibrary_Tests;
			productName = Tests;
			productReference = 607FACE51AFB9204008FA782 /* VideoLibrary_Tests.xctest */;
			productType = "com.apple.product-type.bundle.unit-test";
		};
/* End PBXNativeTarget section */

/* Begin PBXProject section */
		607FACC81AFB9204008FA782 /* Project object */ = {
			isa = PBXProject;
			attributes = {
				LastSwiftUpdateCheck = 0830;
				LastUpgradeCheck = 0940;
				ORGANIZATIONNAME = CocoaPods;
				TargetAttributes = {
					607FACCF1AFB9204008FA782 = {
						CreatedOnToolsVersion = 6.3.1;
						DevelopmentTeam = 9DFU33V8T6;
						LastSwiftMigration = 0900;
					};
					607FACE41AFB9204008FA782 = {
						CreatedOnToolsVersion = 6.3.1;
						DevelopmentTeam = 9DFU33V8T6;
						LastSwiftMigration = 0900;
						TestTargetID = 607FACCF1AFB9204008FA782;
					};
				};
			};
			buildConfigurationList = 607FACCB1AFB9204008FA782 /* Build configuration list for PBXProject "VideoLibrary" */;
			compatibilityVersion = "Xcode 3.2";
			developmentRegion = English;
			hasScannedForEncodings = 0;
			knownRegions = (
				en,
				Base,
			);
			mainGroup = 607FACC71AFB9204008FA782;
			productRefGroup = 607FACD11AFB9204008FA782 /* Products */;
			projectDirPath = "";
			projectRoot = "";
			targets = (
				607FACCF1AFB9204008FA782 /* VideoLibrary_Example */,
				607FACE41AFB9204008FA782 /* VideoLibrary_Tests */,
			);
		};
/* End PBXProject section */

/* Begin PBXResourcesBuildPhase section */
		607FACCE1AFB9204008FA782 /* Resources */ = {
			isa = PBXResourcesBuildPhase;
			buildActionMask = 2147483647;
			files = (
				607FACE01AFB9204008FA782 /* LaunchScreen.xib in Resources */,
				607FACDD1AFB9204008FA782 /* Images.xcassets in Resources */,
			);
			runOnlyForDeploymentPostprocessing = 0;
		};
		607FACE31AFB9204008FA782 /* Resources */ = {
			isa = PBXResourcesBuildPhase;
			buildActionMask = 2147483647;
			files = (
			);
			runOnlyForDeploymentPostprocessing = 0;
		};
/* End PBXResourcesBuildPhase section */

/* Begin PBXShellScriptBuildPhase section */
		0C1BA9C75B55EDBA16531D8D /* [CP] Embed Pods Frameworks */ = {
			isa = PBXShellScriptBuildPhase;
			buildActionMask = 2147483647;
			files = (
			);
			inputPaths = (
				"${SRCROOT}/Pods/Target Support Files/Pods-VideoLibrary_Example/Pods-VideoLibrary_Example-frameworks.sh",
				"${BUILT_PRODUCTS_DIR}/VideoLibrary/VideoLibrary.framework",
			);
			name = "[CP] Embed Pods Frameworks";
			outputPaths = (
				"${TARGET_BUILD_DIR}/${FRAMEWORKS_FOLDER_PATH}/VideoLibrary.framework",
			);
			runOnlyForDeploymentPostprocessing = 0;
			shellPath = /bin/sh;
			shellScript = "\"${SRCROOT}/Pods/Target Support Files/Pods-VideoLibrary_Example/Pods-VideoLibrary_Example-frameworks.sh\"\n";
			showEnvVarsInLog = 0;
		};
		2F1C4ED7EB5648BC79943817 /* [CP] Check Pods Manifest.lock */ = {
			isa = PBXShellScriptBuildPhase;
			buildActionMask = 2147483647;
			files = (
			);
			inputPaths = (
				"${PODS_PODFILE_DIR_PATH}/Podfile.lock",
				"${PODS_ROOT}/Manifest.lock",
			);
			name = "[CP] Check Pods Manifest.lock";
			outputPaths = (
				"$(DERIVED_FILE_DIR)/Pods-VideoLibrary_Tests-checkManifestLockResult.txt",
			);
			runOnlyForDeploymentPostprocessing = 0;
			shellPath = /bin/sh;
			shellScript = "diff \"${PODS_PODFILE_DIR_PATH}/Podfile.lock\" \"${PODS_ROOT}/Manifest.lock\" > /dev/null\nif [ $? != 0 ] ; then\n    # print error to STDERR\n    echo \"error: The sandbox is not in sync with the Podfile.lock. Run 'pod install' or update your CocoaPods installation.\" >&2\n    exit 1\nfi\n# This output is used by Xcode 'outputs' to avoid re-running this script phase.\necho \"SUCCESS\" > \"${SCRIPT_OUTPUT_FILE_0}\"\n";
			showEnvVarsInLog = 0;
		};
		9E055880F682884714B625C2 /* [CP] Check Pods Manifest.lock */ = {
			isa = PBXShellScriptBuildPhase;
			buildActionMask = 2147483647;
			files = (
			);
			inputPaths = (
				"${PODS_PODFILE_DIR_PATH}/Podfile.lock",
				"${PODS_ROOT}/Manifest.lock",
			);
			name = "[CP] Check Pods Manifest.lock";
			outputPaths = (
				"$(DERIVED_FILE_DIR)/Pods-VideoLibrary_Example-checkManifestLockResult.txt",
			);
			runOnlyForDeploymentPostprocessing = 0;
			shellPath = /bin/sh;
			shellScript = "diff \"${PODS_PODFILE_DIR_PATH}/Podfile.lock\" \"${PODS_ROOT}/Manifest.lock\" > /dev/null\nif [ $? != 0 ] ; then\n    # print error to STDERR\n    echo \"error: The sandbox is not in sync with the Podfile.lock. Run 'pod install' or update your CocoaPods installation.\" >&2\n    exit 1\nfi\n# This output is used by Xcode 'outputs' to avoid re-running this script phase.\necho \"SUCCESS\" > \"${SCRIPT_OUTPUT_FILE_0}\"\n";
			showEnvVarsInLog = 0;
		};
/* End PBXShellScriptBuildPhase section */

/* Begin PBXSourcesBuildPhase section */
		607FACCC1AFB9204008FA782 /* Sources */ = {
			isa = PBXSourcesBuildPhase;
			buildActionMask = 2147483647;
			files = (
				FA61AC422136962100DE7312 /* String.swift in Sources */,
				FA61AC482136962100DE7312 /* DetailsItemCell.swift in Sources */,
				FA61AC462136962100DE7312 /* DetailsView.swift in Sources */,
				FA61AC4B2136962100DE7312 /* ViewController.swift in Sources */,
				FA61AC4E2136962100DE7312 /* NavigationController.swift in Sources */,
				FA61AC4C2136962100DE7312 /* HomeViewController.swift in Sources */,
				FA61AC492136962100DE7312 /* UIImageView.swift in Sources */,
				FA61AC472136962100DE7312 /* HomeView.swift in Sources */,
				FA61AC4A2136962100DE7312 /* UICollectionViewCell.swift in Sources */,
				FA61AC3F2136962100DE7312 /* HomeItem.swift in Sources */,
				FA61AC412136962100DE7312 /* Images.swift in Sources */,
				FA61AC502136962100DE7312 /* AppDelegate.swift in Sources */,
				FA61AC4D2136962100DE7312 /* DetailsViewController.swift in Sources */,
				FA61AC402136962100DE7312 /* Cache.swift in Sources */,
				FA61AC452136962100DE7312 /* HomeItemCell.swift in Sources */,
				FA61AC432136962100DE7312 /* API.swift in Sources */,
			);
			runOnlyForDeploymentPostprocessing = 0;
		};
		607FACE11AFB9204008FA782 /* Sources */ = {
			isa = PBXSourcesBuildPhase;
			buildActionMask = 2147483647;
			files = (
				607FACEC1AFB9204008FA782 /* Tests.swift in Sources */,
			);
			runOnlyForDeploymentPostprocessing = 0;
		};
/* End PBXSourcesBuildPhase section */

/* Begin PBXTargetDependency section */
		607FACE71AFB9204008FA782 /* PBXTargetDependency */ = {
			isa = PBXTargetDependency;
			target = 607FACCF1AFB9204008FA782 /* VideoLibrary_Example */;
			targetProxy = 607FACE61AFB9204008FA782 /* PBXContainerItemProxy */;
		};
/* End PBXTargetDependency section */

/* Begin PBXVariantGroup section */
		607FACDE1AFB9204008FA782 /* LaunchScreen.xib */ = {
			isa = PBXVariantGroup;
			children = (
				607FACDF1AFB9204008FA782 /* Base */,
			);
			name = LaunchScreen.xib;
			sourceTree = "<group>";
		};
/* End PBXVariantGroup section */

/* Begin XCBuildConfiguration section */
		607FACED1AFB9204008FA782 /* Debug */ = {
			isa = XCBuildConfiguration;
			buildSettings = {
				ALWAYS_SEARCH_USER_PATHS = NO;
				CLANG_CXX_LANGUAGE_STANDARD = "gnu++0x";
				CLANG_CXX_LIBRARY = "libc++";
				CLANG_ENABLE_MODULES = YES;
				CLANG_ENABLE_OBJC_ARC = YES;
				CLANG_WARN_BLOCK_CAPTURE_AUTORELEASING = YES;
				CLANG_WARN_BOOL_CONVERSION = YES;
				CLANG_WARN_COMMA = YES;
				CLANG_WARN_CONSTANT_CONVERSION = YES;
				CLANG_WARN_DEPRECATED_OBJC_IMPLEMENTATIONS = YES;
				CLANG_WARN_DIRECT_OBJC_ISA_USAGE = YES_ERROR;
				CLANG_WARN_EMPTY_BODY = YES;
				CLANG_WARN_ENUM_CONVERSION = YES;
				CLANG_WARN_INFINITE_RECURSION = YES;
				CLANG_WARN_INT_CONVERSION = YES;
				CLANG_WARN_NON_LITERAL_NULL_CONVERSION = YES;
				CLANG_WARN_OBJC_IMPLICIT_RETAIN_SELF = YES;
				CLANG_WARN_OBJC_LITERAL_CONVERSION = YES;
				CLANG_WARN_OBJC_ROOT_CLASS = YES_ERROR;
				CLANG_WARN_RANGE_LOOP_ANALYSIS = YES;
				CLANG_WARN_STRICT_PROTOTYPES = YES;
				CLANG_WARN_SUSPICIOUS_MOVE = YES;
				CLANG_WARN_UNREACHABLE_CODE = YES;
				CLANG_WARN__DUPLICATE_METHOD_MATCH = YES;
				"CODE_SIGN_IDENTITY[sdk=iphoneos*]" = "iPhone Developer";
				COPY_PHASE_STRIP = NO;
				DEBUG_INFORMATION_FORMAT = "dwarf-with-dsym";
				ENABLE_STRICT_OBJC_MSGSEND = YES;
				ENABLE_TESTABILITY = YES;
				GCC_C_LANGUAGE_STANDARD = gnu99;
				GCC_DYNAMIC_NO_PIC = NO;
				GCC_NO_COMMON_BLOCKS = YES;
				GCC_OPTIMIZATION_LEVEL = 0;
				GCC_PREPROCESSOR_DEFINITIONS = (
					"DEBUG=1",
					"$(inherited)",
				);
				GCC_SYMBOLS_PRIVATE_EXTERN = NO;
				GCC_WARN_64_TO_32_BIT_CONVERSION = YES;
				GCC_WARN_ABOUT_RETURN_TYPE = YES_ERROR;
				GCC_WARN_UNDECLARED_SELECTOR = YES;
				GCC_WARN_UNINITIALIZED_AUTOS = YES_AGGRESSIVE;
				GCC_WARN_UNUSED_FUNCTION = YES;
				GCC_WARN_UNUSED_VARIABLE = YES;
				IPHONEOS_DEPLOYMENT_TARGET = 9.3;
				MTL_ENABLE_DEBUG_INFO = YES;
				ONLY_ACTIVE_ARCH = YES;
				SDKROOT = iphoneos;
				SWIFT_OPTIMIZATION_LEVEL = "-Onone";
			};
			name = Debug;
		};
		607FACEE1AFB9204008FA782 /* Release */ = {
			isa = XCBuildConfiguration;
			buildSettings = {
				ALWAYS_SEARCH_USER_PATHS = NO;
				CLANG_CXX_LANGUAGE_STANDARD = "gnu++0x";
				CLANG_CXX_LIBRARY = "libc++";
				CLANG_ENABLE_MODULES = YES;
				CLANG_ENABLE_OBJC_ARC = YES;
				CLANG_WARN_BLOCK_CAPTURE_AUTORELEASING = YES;
				CLANG_WARN_BOOL_CONVERSION = YES;
				CLANG_WARN_COMMA = YES;
				CLANG_WARN_CONSTANT_CONVERSION = YES;
				CLANG_WARN_DEPRECATED_OBJC_IMPLEMENTATIONS = YES;
				CLANG_WARN_DIRECT_OBJC_ISA_USAGE = YES_ERROR;
				CLANG_WARN_EMPTY_BODY = YES;
				CLANG_WARN_ENUM_CONVERSION = YES;
				CLANG_WARN_INFINITE_RECURSION = YES;
				CLANG_WARN_INT_CONVERSION = YES;
				CLANG_WARN_NON_LITERAL_NULL_CONVERSION = YES;
				CLANG_WARN_OBJC_IMPLICIT_RETAIN_SELF = YES;
				CLANG_WARN_OBJC_LITERAL_CONVERSION = YES;
				CLANG_WARN_OBJC_ROOT_CLASS = YES_ERROR;
				CLANG_WARN_RANGE_LOOP_ANALYSIS = YES;
				CLANG_WARN_STRICT_PROTOTYPES = YES;
				CLANG_WARN_SUSPICIOUS_MOVE = YES;
				CLANG_WARN_UNREACHABLE_CODE = YES;
				CLANG_WARN__DUPLICATE_METHOD_MATCH = YES;
				"CODE_SIGN_IDENTITY[sdk=iphoneos*]" = "iPhone Developer";
				COPY_PHASE_STRIP = NO;
				DEBUG_INFORMATION_FORMAT = "dwarf-with-dsym";
				ENABLE_NS_ASSERTIONS = NO;
				ENABLE_STRICT_OBJC_MSGSEND = YES;
				GCC_C_LANGUAGE_STANDARD = gnu99;
				GCC_NO_COMMON_BLOCKS = YES;
				GCC_WARN_64_TO_32_BIT_CONVERSION = YES;
				GCC_WARN_ABOUT_RETURN_TYPE = YES_ERROR;
				GCC_WARN_UNDECLARED_SELECTOR = YES;
				GCC_WARN_UNINITIALIZED_AUTOS = YES_AGGRESSIVE;
				GCC_WARN_UNUSED_FUNCTION = YES;
				GCC_WARN_UNUSED_VARIABLE = YES;
				IPHONEOS_DEPLOYMENT_TARGET = 9.3;
				MTL_ENABLE_DEBUG_INFO = NO;
				SDKROOT = iphoneos;
				SWIFT_OPTIMIZATION_LEVEL = "-Owholemodule";
				VALIDATE_PRODUCT = YES;
			};
			name = Release;
		};
		607FACF01AFB9204008FA782 /* Debug */ = {
			isa = XCBuildConfiguration;
			baseConfigurationReference = 9F25E3FAD11DB7EC6D2F3941 /* Pods-VideoLibrary_Example.debug.xcconfig */;
			buildSettings = {
				ASSETCATALOG_COMPILER_APPICON_NAME = AppIcon;
				DEVELOPMENT_TEAM = 9DFU33V8T6;
				INFOPLIST_FILE = VideoLibrary/Info.plist;
				LD_RUNPATH_SEARCH_PATHS = "$(inherited) @executable_path/Frameworks";
				MODULE_NAME = ExampleApp;
				PRODUCT_BUNDLE_IDENTIFIER = "org.cocoapods.demo.$(PRODUCT_NAME:rfc1034identifier)";
				PRODUCT_NAME = "$(TARGET_NAME)";
				SWIFT_SWIFT3_OBJC_INFERENCE = Default;
				SWIFT_VERSION = 4.0;
			};
			name = Debug;
		};
		607FACF11AFB9204008FA782 /* Release */ = {
			isa = XCBuildConfiguration;
			baseConfigurationReference = 171B0E6DB3D64C928A73CCA1 /* Pods-VideoLibrary_Example.release.xcconfig */;
			buildSettings = {
				ASSETCATALOG_COMPILER_APPICON_NAME = AppIcon;
				DEVELOPMENT_TEAM = 9DFU33V8T6;
				INFOPLIST_FILE = VideoLibrary/Info.plist;
				LD_RUNPATH_SEARCH_PATHS = "$(inherited) @executable_path/Frameworks";
				MODULE_NAME = ExampleApp;
				PRODUCT_BUNDLE_IDENTIFIER = "org.cocoapods.demo.$(PRODUCT_NAME:rfc1034identifier)";
				PRODUCT_NAME = "$(TARGET_NAME)";
				SWIFT_SWIFT3_OBJC_INFERENCE = Default;
				SWIFT_VERSION = 4.0;
			};
			name = Release;
		};
		607FACF31AFB9204008FA782 /* Debug */ = {
			isa = XCBuildConfiguration;
			baseConfigurationReference = 11088092920C217188560BB7 /* Pods-VideoLibrary_Tests.debug.xcconfig */;
			buildSettings = {
				DEVELOPMENT_TEAM = 9DFU33V8T6;
				FRAMEWORK_SEARCH_PATHS = "$(inherited)";
				GCC_PREPROCESSOR_DEFINITIONS = (
					"DEBUG=1",
					"$(inherited)",
				);
				INFOPLIST_FILE = Tests/Info.plist;
				LD_RUNPATH_SEARCH_PATHS = "$(inherited) @executable_path/Frameworks @loader_path/Frameworks";
				PRODUCT_BUNDLE_IDENTIFIER = "org.cocoapods.$(PRODUCT_NAME:rfc1034identifier)";
				PRODUCT_NAME = "$(TARGET_NAME)";
				SWIFT_SWIFT3_OBJC_INFERENCE = Default;
				SWIFT_VERSION = 4.0;
				TEST_HOST = "$(BUILT_PRODUCTS_DIR)/VideoLibrary_Example.app/VideoLibrary_Example";
			};
			name = Debug;
		};
		607FACF41AFB9204008FA782 /* Release */ = {
			isa = XCBuildConfiguration;
			baseConfigurationReference = 9113AFB46E62F101D8EBBA30 /* Pods-VideoLibrary_Tests.release.xcconfig */;
			buildSettings = {
				DEVELOPMENT_TEAM = 9DFU33V8T6;
				FRAMEWORK_SEARCH_PATHS = "$(inherited)";
				INFOPLIST_FILE = Tests/Info.plist;
				LD_RUNPATH_SEARCH_PATHS = "$(inherited) @executable_path/Frameworks @loader_path/Frameworks";
				PRODUCT_BUNDLE_IDENTIFIER = "org.cocoapods.$(PRODUCT_NAME:rfc1034identifier)";
				PRODUCT_NAME = "$(TARGET_NAME)";
				SWIFT_SWIFT3_OBJC_INFERENCE = Default;
				SWIFT_VERSION = 4.0;
				TEST_HOST = "$(BUILT_PRODUCTS_DIR)/VideoLibrary_Example.app/VideoLibrary_Example";
			};
			name = Release;
		};
/* End XCBuildConfiguration section */

/* Begin XCConfigurationList section */
		607FACCB1AFB9204008FA782 /* Build configuration list for PBXProject "VideoLibrary" */ = {
			isa = XCConfigurationList;
			buildConfigurations = (
				607FACED1AFB9204008FA782 /* Debug */,
				607FACEE1AFB9204008FA782 /* Release */,
			);
			defaultConfigurationIsVisible = 0;
			defaultConfigurationName = Release;
		};
		607FACEF1AFB9204008FA782 /* Build configuration list for PBXNativeTarget "VideoLibrary_Example" */ = {
			isa = XCConfigurationList;
			buildConfigurations = (
				607FACF01AFB9204008FA782 /* Debug */,
				607FACF11AFB9204008FA782 /* Release */,
			);
			defaultConfigurationIsVisible = 0;
			defaultConfigurationName = Release;
		};
		607FACF21AFB9204008FA782 /* Build configuration list for PBXNativeTarget "VideoLibrary_Tests" */ = {
			isa = XCConfigurationList;
			buildConfigurations = (
				607FACF31AFB9204008FA782 /* Debug */,
				607FACF41AFB9204008FA782 /* Release */,
			);
			defaultConfigurationIsVisible = 0;
			defaultConfigurationName = Release;
		};
/* End XCConfigurationList section */
	};
	rootObject = 607FACC81AFB9204008FA782 /* Project object */;
}
